
Microsoft Visual Studio Solution File, Format Version 12.00
# Visual Studio Version 16
VisualStudioVersion = 16.0.810.8
MinimumVisualStudioVersion = 10.0.40219.1
Project("{FAE04EC0-301F-11D3-BF4B-00C04F79EFBC}") = "MvcMovie", "MvcMovie\MvcMovie.csproj", "{EBC435E6-330A-44CD-81E6-D2E3A2C2E774}"
EndProject
Global
	GlobalSection(SolutionConfigurationPlatforms) = preSolution
		Debug|Any CPU = Debug|Any CPU
		Release|Any CPU = Release|Any CPU
	EndGlobalSection
	GlobalSection(ProjectConfigurationPlatforms) = postSolution
		{EBC435E6-330A-44CD-81E6-D2E3A2C2E774}.Debug|Any CPU.ActiveCfg = Debug|Any CPU
		{EBC435E6-330A-44CD-81E6-D2E3A2C2E774}.Debug|Any CPU.Build.0 = Debug|Any CPU
		{EBC435E6-330A-44CD-81E6-D2E3A2C2E774}.Release|Any CPU.ActiveCfg = Release|Any CPU
		{EBC435E6-330A-44CD-81E6-D2E3A2C2E774}.Release|Any CPU.Build.0 = Release|Any CPU
	EndGlobalSection
	GlobalSection(SolutionProperties) = preSolution
		HideSolutionNode = FALSE
	EndGlobalSection
	GlobalSection(ExtensibilityGlobals) = postSolution
		SolutionGuid = {BFCDA963-85C9-4C53-9FE6-6ABC068D71F9}
	EndGlobalSection
EndGlobal
