
Microsoft Visual Studio Solution File, Format Version 12.00
# Visual Studio Version 16
VisualStudioVersion = 16.0.810.8
MinimumVisualStudioVersion = 10.0.40219.1
Project("{FAE04EC0-301F-11D3-BF4B-00C04F79EFBC}") = "GrpcGreeterClient", "GrpcGreeterClient.csproj", "{06A8DC54-A50B-4C04-A6AA-7AE66F8A0F28}"
EndProject
Global
	GlobalSection(SolutionConfigurationPlatforms) = preSolution
		Debug|Any CPU = Debug|Any CPU
		Release|Any CPU = Release|Any CPU
	EndGlobalSection
	GlobalSection(ProjectConfigurationPlatforms) = postSolution
		{06A8DC54-A50B-4C04-A6AA-7AE66F8A0F28}.Debug|Any CPU.ActiveCfg = Debug|Any CPU
		{06A8DC54-A50B-4C04-A6AA-7AE66F8A0F28}.Debug|Any CPU.Build.0 = Debug|Any CPU
		{06A8DC54-A50B-4C04-A6AA-7AE66F8A0F28}.Release|Any CPU.ActiveCfg = Release|Any CPU
		{06A8DC54-A50B-4C04-A6AA-7AE66F8A0F28}.Release|Any CPU.Build.0 = Release|Any CPU
	EndGlobalSection
	GlobalSection(SolutionProperties) = preSolution
		HideSolutionNode = FALSE
	EndGlobalSection
	GlobalSection(ExtensibilityGlobals) = postSolution
		SolutionGuid = {1EA9CA6D-571F-4293-A926-40FF1BAF1632}
	EndGlobalSection
EndGlobal
